
Microsoft Visual Studio Solution File, Format Version 12.00
# Visual Studio Version 16
VisualStudioVersion = 16.0.31229.75
MinimumVisualStudioVersion = 10.0.40219.1
Project("{FAE04EC0-301F-11D3-BF4B-00C04F79EFBC}") = "race", "race\race.csproj", "{030FE223-ADBA-44F5-A6C6-A3383C97E60D}"
EndProject
Global
	GlobalSection(SolutionConfigurationPlatforms) = preSolution
		Debug|Any CPU = Debug|Any CPU
		Release|Any CPU = Release|Any CPU
	EndGlobalSection
	GlobalSection(ProjectConfigurationPlatforms) = postSolution
		{030FE223-ADBA-44F5-A6C6-A3383C97E60D}.Debug|Any CPU.ActiveCfg = Debug|Any CPU
		{030FE223-ADBA-44F5-A6C6-A3383C97E60D}.Debug|Any CPU.Build.0 = Debug|Any CPU
		{030FE223-ADBA-44F5-A6C6-A3383C97E60D}.Release|Any CPU.ActiveCfg = Release|Any CPU
		{030FE223-ADBA-44F5-A6C6-A3383C97E60D}.Release|Any CPU.Build.0 = Release|Any CPU
	EndGlobalSection
	GlobalSection(SolutionProperties) = preSolution
		HideSolutionNode = FALSE
	EndGlobalSection
	GlobalSection(ExtensibilityGlobals) = postSolution
		SolutionGuid = {777B2B76-5DE6-402A-9488-8CE4A13DC212}
	EndGlobalSection
EndGlobal
